
Microsoft Visual Studio Solution File, Format Version 12.00
# Visual Studio Version 17
VisualStudioVersion = 17.0.32014.148
MinimumVisualStudioVersion = 10.0.40219.1
Project("{FAE04EC0-301F-11D3-BF4B-00C04F79EFBC}") = "UchenikUP07", "UchenikUP07\UchenikUP07.csproj", "{8FD91FE7-16B3-4973-B507-5F6488DAD1EA}"
EndProject
Global
	GlobalSection(SolutionConfigurationPlatforms) = preSolution
		Debug|Any CPU = Debug|Any CPU
		Release|Any CPU = Release|Any CPU
	EndGlobalSection
	GlobalSection(ProjectConfigurationPlatforms) = postSolution
		{8FD91FE7-16B3-4973-B507-5F6488DAD1EA}.Debug|Any CPU.ActiveCfg = Debug|Any CPU
		{8FD91FE7-16B3-4973-B507-5F6488DAD1EA}.Debug|Any CPU.Build.0 = Debug|Any CPU
		{8FD91FE7-16B3-4973-B507-5F6488DAD1EA}.Release|Any CPU.ActiveCfg = Release|Any CPU
		{8FD91FE7-16B3-4973-B507-5F6488DAD1EA}.Release|Any CPU.Build.0 = Release|Any CPU
	EndGlobalSection
	GlobalSection(SolutionProperties) = preSolution
		HideSolutionNode = FALSE
	EndGlobalSection
	GlobalSection(ExtensibilityGlobals) = postSolution
		SolutionGuid = {EBDA23EE-07A8-4E18-ABA9-45277D5134DA}
	EndGlobalSection
EndGlobal
